{
  "requires": true,
  "lockfileVersion": 1,
  "dependencies": {
    "e2e": {
      "version": "file:e2e",
      "requires": {
        "inversify": "^5.0.1",
        "reflect-metadata": "^0.1.13"
      },
      "dependencies": {
        "@types/chai": {
          "version": "4.1.7",
          "bundled": true
        },
        "@types/events": {
          "version": "3.0.0",
          "bundled": true
        },
        "@types/glob": {
          "version": "7.1.1",
          "bundled": true,
          "requires": {
            "@types/events": "*",
            "@types/minimatch": "*",
            "@types/node": "*"
          }
        },
        "@types/minimatch": {
          "version": "3.0.3",
          "bundled": true
        },
        "@types/mocha": {
          "version": "5.2.6",
          "bundled": true
        },
        "@types/node": {
          "version": "11.13.4",
          "bundled": true
        },
        "@types/rimraf": {
          "version": "2.0.2",
          "bundled": true,
          "requires": {
            "@types/glob": "*",
            "@types/node": "*"
          }
        },
        "@types/selenium-webdriver": {
          "version": "3.0.16",
          "bundled": true
        },
        "ajv": {
          "version": "6.10.2",
          "bundled": true,
          "requires": {
            "fast-deep-equal": "^2.0.1",
            "fast-json-stable-stringify": "^2.0.0",
            "json-schema-traverse": "^0.4.1",
            "uri-js": "^4.2.2"
          }
        },
        "ansi-colors": {
          "version": "3.2.3",
          "bundled": true
        },
        "ansi-regex": {
          "version": "3.0.0",
          "bundled": true
        },
        "ansi-styles": {
          "version": "3.2.1",
          "bundled": true,
          "requires": {
            "color-convert": "^1.9.0"
          }
        },
        "arg": {
          "version": "4.1.0",
          "bundled": true
        },
        "argparse": {
          "version": "1.0.10",
          "bundled": true,
          "requires": {
            "sprintf-js": "~1.0.2"
          }
        },
        "array-union": {
          "version": "1.0.2",
          "bundled": true,
          "requires": {
            "array-uniq": "^1.0.1"
          }
        },
        "array-uniq": {
          "version": "1.0.3",
          "bundled": true
        },
        "asn1": {
          "version": "0.2.4",
          "bundled": true,
          "requires": {
            "safer-buffer": "~2.1.0"
          }
        },
        "assert-plus": {
          "version": "1.0.0",
          "bundled": true
        },
        "assertion-error": {
          "version": "1.1.0",
          "bundled": true
        },
        "asynckit": {
          "version": "0.4.0",
          "bundled": true
        },
        "aws-sign2": {
          "version": "0.7.0",
          "bundled": true
        },
        "aws4": {
          "version": "1.8.0",
          "bundled": true
        },
        "axios": {
          "version": "0.18.1",
          "bundled": true,
          "requires": {
            "follow-redirects": "1.5.10",
            "is-buffer": "^2.0.2"
          }
        },
        "babel-code-frame": {
          "version": "6.26.0",
          "bundled": true,
          "requires": {
            "chalk": "^1.1.3",
            "esutils": "^2.0.2",
            "js-tokens": "^3.0.2"
          },
          "dependencies": {
            "ansi-regex": {
              "version": "2.1.1",
              "bundled": true
            },
            "ansi-styles": {
              "version": "2.2.1",
              "bundled": true
            },
            "chalk": {
              "version": "1.1.3",
              "bundled": true,
              "requires": {
                "ansi-styles": "^2.2.1",
                "escape-string-regexp": "^1.0.2",
                "has-ansi": "^2.0.0",
                "strip-ansi": "^3.0.0",
                "supports-color": "^2.0.0"
              }
            },
            "strip-ansi": {
              "version": "3.0.1",
              "bundled": true,
              "requires": {
                "ansi-regex": "^2.0.0"
              }
            },
            "supports-color": {
              "version": "2.0.0",
              "bundled": true
            }
          }
        },
        "balanced-match": {
          "version": "1.0.0",
          "bundled": true
        },
        "bcrypt-pbkdf": {
          "version": "1.0.2",
          "bundled": true,
          "requires": {
            "tweetnacl": "^0.14.3"
          }
        },
        "brace-expansion": {
          "version": "1.1.11",
          "bundled": true,
          "requires": {
            "balanced-match": "^1.0.0",
            "concat-map": "0.0.1"
          }
        },
        "browser-stdout": {
          "version": "1.3.1",
          "bundled": true
        },
        "buffer-from": {
          "version": "1.1.1",
          "bundled": true
        },
        "builtin-modules": {
          "version": "1.1.1",
          "bundled": true
        },
        "camelcase": {
          "version": "5.3.1",
          "bundled": true
        },
        "caseless": {
          "version": "0.12.0",
          "bundled": true
        },
        "chai": {
          "version": "4.2.0",
          "bundled": true,
          "requires": {
            "assertion-error": "^1.1.0",
            "check-error": "^1.0.2",
            "deep-eql": "^3.0.1",
            "get-func-name": "^2.0.0",
            "pathval": "^1.1.0",
            "type-detect": "^4.0.5"
          }
        },
        "chalk": {
          "version": "2.4.2",
          "bundled": true,
          "requires": {
            "ansi-styles": "^3.2.1",
            "escape-string-regexp": "^1.0.5",
            "supports-color": "^5.3.0"
          },
          "dependencies": {
            "supports-color": {
              "version": "5.5.0",
              "bundled": true,
              "requires": {
                "has-flag": "^3.0.0"
              }
            }
          }
        },
        "check-error": {
          "version": "1.0.2",
          "bundled": true
        },
        "chromedriver": {
          "version": "76.0.0",
          "bundled": true,
          "requires": {
            "del": "^4.1.1",
            "extract-zip": "^1.6.7",
            "mkdirp": "^0.5.1",
            "request": "^2.88.0",
            "tcp-port-used": "^1.0.1"
          }
        },
        "cliui": {
          "version": "4.1.0",
          "bundled": true,
          "requires": {
            "string-width": "^2.1.1",
            "strip-ansi": "^4.0.0",
            "wrap-ansi": "^2.0.0"
          }
        },
        "code-point-at": {
          "version": "1.1.0",
          "bundled": true
        },
        "color-convert": {
          "version": "1.9.3",
          "bundled": true,
          "requires": {
            "color-name": "1.1.3"
          }
        },
        "color-name": {
          "version": "1.1.3",
          "bundled": true
        },
        "combined-stream": {
          "version": "1.0.8",
          "bundled": true,
          "requires": {
            "delayed-stream": "~1.0.0"
          }
        },
        "commander": {
          "version": "2.20.0",
          "bundled": true
        },
        "concat-map": {
          "version": "0.0.1",
          "bundled": true
        },
        "concat-stream": {
          "version": "1.6.2",
          "bundled": true,
          "requires": {
            "buffer-from": "^1.0.0",
            "inherits": "^2.0.3",
            "readable-stream": "^2.2.2",
            "typedarray": "^0.0.6"
          }
        },
        "core-util-is": {
          "version": "1.0.2",
          "bundled": true
        },
        "cross-spawn": {
          "version": "6.0.5",
          "bundled": true,
          "requires": {
            "nice-try": "^1.0.4",
            "path-key": "^2.0.1",
            "semver": "^5.5.0",
            "shebang-command": "^1.2.0",
            "which": "^1.2.9"
          }
        },
        "dashdash": {
          "version": "1.14.1",
          "bundled": true,
          "requires": {
            "assert-plus": "^1.0.0"
          }
        },
        "debug": {
          "version": "2.6.9",
          "bundled": true,
          "requires": {
            "ms": "2.0.0"
          }
        },
        "decamelize": {
          "version": "1.2.0",
          "bundled": true
        },
        "deep-eql": {
          "version": "3.0.1",
          "bundled": true,
          "requires": {
            "type-detect": "^4.0.0"
          }
        },
        "deep-is": {
          "version": "0.1.3",
          "bundled": true
        },
        "define-properties": {
          "version": "1.1.3",
          "bundled": true,
          "requires": {
            "object-keys": "^1.0.12"
          }
        },
        "del": {
          "version": "4.1.1",
          "bundled": true,
          "requires": {
            "@types/glob": "^7.1.1",
            "globby": "^6.1.0",
            "is-path-cwd": "^2.0.0",
            "is-path-in-cwd": "^2.0.0",
            "p-map": "^2.0.0",
            "pify": "^4.0.1",
            "rimraf": "^2.6.3"
          },
          "dependencies": {
            "rimraf": {
              "version": "2.6.3",
              "bundled": true,
              "requires": {
                "glob": "^7.1.3"
              }
            }
          }
        },
        "delayed-stream": {
          "version": "1.0.0",
          "bundled": true
        },
        "diff": {
          "version": "3.5.0",
          "bundled": true
        },
        "ecc-jsbn": {
          "version": "0.1.2",
          "bundled": true,
          "requires": {
            "jsbn": "~0.1.0",
            "safer-buffer": "^2.1.0"
          }
        },
        "emoji-regex": {
          "version": "7.0.3",
          "bundled": true
        },
        "end-of-stream": {
          "version": "1.4.1",
          "bundled": true,
          "requires": {
            "once": "^1.4.0"
          }
        },
        "es-abstract": {
          "version": "1.13.0",
          "bundled": true,
          "requires": {
            "es-to-primitive": "^1.2.0",
            "function-bind": "^1.1.1",
            "has": "^1.0.3",
            "is-callable": "^1.1.4",
            "is-regex": "^1.0.4",
            "object-keys": "^1.0.12"
          }
        },
        "es-to-primitive": {
          "version": "1.2.0",
          "bundled": true,
          "requires": {
            "is-callable": "^1.1.4",
            "is-date-object": "^1.0.1",
            "is-symbol": "^1.0.2"
          }
        },
        "escape-string-regexp": {
          "version": "1.0.5",
          "bundled": true
        },
        "esprima": {
          "version": "4.0.1",
          "bundled": true
        },
        "esutils": {
          "version": "2.0.2",
          "bundled": true
        },
        "execa": {
          "version": "1.0.0",
          "bundled": true,
          "requires": {
            "cross-spawn": "^6.0.0",
            "get-stream": "^4.0.0",
            "is-stream": "^1.1.0",
            "npm-run-path": "^2.0.0",
            "p-finally": "^1.0.0",
            "signal-exit": "^3.0.0",
            "strip-eof": "^1.0.0"
          }
        },
        "extend": {
          "version": "3.0.2",
          "bundled": true
        },
        "extract-zip": {
          "version": "1.6.7",
          "bundled": true,
          "requires": {
            "concat-stream": "1.6.2",
            "debug": "2.6.9",
            "mkdirp": "0.5.1",
            "yauzl": "2.4.1"
          }
        },
        "extsprintf": {
          "version": "1.3.0",
          "bundled": true
        },
        "fast-deep-equal": {
          "version": "2.0.1",
          "bundled": true
        },
        "fast-json-stable-stringify": {
          "version": "2.0.0",
          "bundled": true
        },
        "fd-slicer": {
          "version": "1.0.1",
          "bundled": true,
          "requires": {
            "pend": "~1.2.0"
          }
        },
        "find-up": {
          "version": "3.0.0",
          "bundled": true,
          "requires": {
            "locate-path": "^3.0.0"
          }
        },
        "flat": {
          "version": "4.1.0",
          "bundled": true,
          "requires": {
            "is-buffer": "~2.0.3"
          }
        },
        "follow-redirects": {
          "version": "1.5.10",
          "bundled": true,
          "requires": {
            "debug": "=3.1.0"
          },
          "dependencies": {
            "debug": {
              "version": "3.1.0",
              "bundled": true,
              "requires": {
                "ms": "2.0.0"
              }
            }
          }
        },
        "forever-agent": {
          "version": "0.6.1",
          "bundled": true
        },
        "form-data": {
          "version": "2.3.3",
          "bundled": true,
          "requires": {
            "asynckit": "^0.4.0",
            "combined-stream": "^1.0.6",
            "mime-types": "^2.1.12"
          }
        },
        "fs.realpath": {
          "version": "1.0.0",
          "bundled": true
        },
        "function-bind": {
          "version": "1.1.1",
          "bundled": true
        },
        "get-caller-file": {
          "version": "2.0.5",
          "bundled": true
        },
        "get-func-name": {
          "version": "2.0.0",
          "bundled": true
        },
        "get-stream": {
          "version": "4.1.0",
          "bundled": true,
          "requires": {
            "pump": "^3.0.0"
          }
        },
        "getpass": {
          "version": "0.1.7",
          "bundled": true,
          "requires": {
            "assert-plus": "^1.0.0"
          }
        },
        "glob": {
          "version": "7.1.3",
          "bundled": true,
          "requires": {
            "fs.realpath": "^1.0.0",
            "inflight": "^1.0.4",
            "inherits": "2",
            "minimatch": "^3.0.4",
            "once": "^1.3.0",
            "path-is-absolute": "^1.0.0"
          }
        },
        "globby": {
          "version": "6.1.0",
          "bundled": true,
          "requires": {
            "array-union": "^1.0.1",
            "glob": "^7.0.3",
            "object-assign": "^4.0.1",
            "pify": "^2.0.0",
            "pinkie-promise": "^2.0.0"
          },
          "dependencies": {
            "pify": {
              "version": "2.3.0",
              "bundled": true
            }
          }
        },
        "growl": {
          "version": "1.10.5",
          "bundled": true
        },
        "har-schema": {
          "version": "2.0.0",
          "bundled": true
        },
        "har-validator": {
          "version": "5.1.3",
          "bundled": true,
          "requires": {
            "ajv": "^6.5.5",
            "har-schema": "^2.0.0"
          }
        },
        "has": {
          "version": "1.0.3",
          "bundled": true,
          "requires": {
            "function-bind": "^1.1.1"
          }
        },
        "has-ansi": {
          "version": "2.0.0",
          "bundled": true,
          "requires": {
            "ansi-regex": "^2.0.0"
          },
          "dependencies": {
            "ansi-regex": {
              "version": "2.1.1",
              "bundled": true
            }
          }
        },
        "has-flag": {
          "version": "3.0.0",
          "bundled": true
        },
        "has-symbols": {
          "version": "1.0.0",
          "bundled": true
        },
        "he": {
          "version": "1.2.0",
          "bundled": true
        },
        "http-signature": {
          "version": "1.2.0",
          "bundled": true,
          "requires": {
            "assert-plus": "^1.0.0",
            "jsprim": "^1.2.2",
            "sshpk": "^1.7.0"
          }
        },
        "immediate": {
          "version": "3.0.6",
          "bundled": true
        },
        "inflight": {
          "version": "1.0.6",
          "bundled": true,
          "requires": {
            "once": "^1.3.0",
            "wrappy": "1"
          }
        },
        "inherits": {
          "version": "2.0.3",
          "bundled": true
        },
        "inversify": {
          "version": "5.0.1",
          "bundled": true
        },
        "invert-kv": {
          "version": "2.0.0",
          "bundled": true
        },
        "ip-regex": {
          "version": "2.1.0",
          "bundled": true
        },
        "is-buffer": {
          "version": "2.0.3",
          "bundled": true
        },
        "is-callable": {
          "version": "1.1.4",
          "bundled": true
        },
        "is-date-object": {
          "version": "1.0.1",
          "bundled": true
        },
        "is-fullwidth-code-point": {
          "version": "2.0.0",
          "bundled": true
        },
        "is-path-cwd": {
          "version": "2.2.0",
          "bundled": true
        },
        "is-path-in-cwd": {
          "version": "2.1.0",
          "bundled": true,
          "requires": {
            "is-path-inside": "^2.1.0"
          }
        },
        "is-path-inside": {
          "version": "2.1.0",
          "bundled": true,
          "requires": {
            "path-is-inside": "^1.0.2"
          }
        },
        "is-regex": {
          "version": "1.0.4",
          "bundled": true,
          "requires": {
            "has": "^1.0.1"
          }
        },
        "is-stream": {
          "version": "1.1.0",
          "bundled": true
        },
        "is-symbol": {
          "version": "1.0.2",
          "bundled": true,
          "requires": {
            "has-symbols": "^1.0.0"
          }
        },
        "is-typedarray": {
          "version": "1.0.0",
          "bundled": true
        },
        "is-url": {
          "version": "1.2.4",
          "bundled": true
        },
        "is2": {
          "version": "2.0.1",
          "bundled": true,
          "requires": {
            "deep-is": "^0.1.3",
            "ip-regex": "^2.1.0",
            "is-url": "^1.2.2"
          }
        },
        "isarray": {
          "version": "1.0.0",
          "bundled": true
        },
        "isexe": {
          "version": "2.0.0",
          "bundled": true
        },
        "isstream": {
          "version": "0.1.2",
          "bundled": true
        },
        "js-tokens": {
          "version": "3.0.2",
          "bundled": true
        },
        "js-yaml": {
          "version": "3.13.1",
          "bundled": true,
          "requires": {
            "argparse": "^1.0.7",
            "esprima": "^4.0.0"
          }
        },
        "jsbn": {
          "version": "0.1.1",
          "bundled": true
        },
        "json-schema": {
          "version": "0.2.3",
          "bundled": true
        },
        "json-schema-traverse": {
          "version": "0.4.1",
          "bundled": true
        },
        "json-stringify-safe": {
          "version": "5.0.1",
          "bundled": true
        },
        "jsprim": {
          "version": "1.4.1",
          "bundled": true,
          "requires": {
            "assert-plus": "1.0.0",
            "extsprintf": "1.3.0",
            "json-schema": "0.2.3",
            "verror": "1.10.0"
          }
        },
        "jszip": {
          "version": "3.2.2",
          "bundled": true,
          "requires": {
            "lie": "~3.3.0",
            "pako": "~1.0.2",
            "readable-stream": "~2.3.6",
            "set-immediate-shim": "~1.0.1"
          }
        },
        "lcid": {
          "version": "2.0.0",
          "bundled": true,
          "requires": {
            "invert-kv": "^2.0.0"
          }
        },
        "lie": {
          "version": "3.3.0",
          "bundled": true,
          "requires": {
            "immediate": "~3.0.5"
          }
        },
        "locate-path": {
          "version": "3.0.0",
          "bundled": true,
          "requires": {
            "p-locate": "^3.0.0",
            "path-exists": "^3.0.0"
          }
        },
        "lodash": {
          "version": "4.17.15",
          "bundled": true
        },
        "log-symbols": {
          "version": "2.2.0",
          "bundled": true,
          "requires": {
            "chalk": "^2.0.1"
          }
        },
        "make-error": {
          "version": "1.3.5",
          "bundled": true
        },
        "map-age-cleaner": {
          "version": "0.1.3",
          "bundled": true,
          "requires": {
            "p-defer": "^1.0.0"
          }
        },
        "mem": {
          "version": "4.3.0",
          "bundled": true,
          "requires": {
            "map-age-cleaner": "^0.1.1",
            "mimic-fn": "^2.0.0",
            "p-is-promise": "^2.0.0"
          }
        },
        "mime-db": {
          "version": "1.40.0",
          "bundled": true
        },
        "mime-types": {
          "version": "2.1.24",
          "bundled": true,
          "requires": {
            "mime-db": "1.40.0"
          }
        },
        "mimic-fn": {
          "version": "2.1.0",
          "bundled": true
        },
        "minimatch": {
          "version": "3.0.4",
          "bundled": true,
          "requires": {
            "brace-expansion": "^1.1.7"
          }
        },
        "minimist": {
          "version": "0.0.8",
          "bundled": true
        },
        "mkdirp": {
          "version": "0.5.1",
          "bundled": true,
          "requires": {
            "minimist": "0.0.8"
          }
        },
        "mocha": {
          "version": "6.1.4",
          "bundled": true,
          "requires": {
            "ansi-colors": "3.2.3",
            "browser-stdout": "1.3.1",
            "debug": "3.2.6",
            "diff": "3.5.0",
            "escape-string-regexp": "1.0.5",
            "find-up": "3.0.0",
            "glob": "7.1.3",
            "growl": "1.10.5",
            "he": "1.2.0",
            "js-yaml": "3.13.1",
            "log-symbols": "2.2.0",
            "minimatch": "3.0.4",
            "mkdirp": "0.5.1",
            "ms": "2.1.1",
            "node-environment-flags": "1.0.5",
            "object.assign": "4.1.0",
            "strip-json-comments": "2.0.1",
            "supports-color": "6.0.0",
            "which": "1.3.1",
            "wide-align": "1.1.3",
            "yargs": "13.2.2",
            "yargs-parser": "13.0.0",
            "yargs-unparser": "1.5.0"
          },
          "dependencies": {
            "debug": {
              "version": "3.2.6",
              "bundled": true,
              "requires": {
                "ms": "^2.1.1"
              }
            },
            "ms": {
              "version": "2.1.1",
              "bundled": true
            }
          }
        },
        "ms": {
          "version": "2.0.0",
          "bundled": true
        },
        "nice-try": {
          "version": "1.0.5",
          "bundled": true
        },
        "node-environment-flags": {
          "version": "1.0.5",
          "bundled": true,
          "requires": {
            "object.getownpropertydescriptors": "^2.0.3",
            "semver": "^5.7.0"
          }
        },
        "npm-run-path": {
          "version": "2.0.2",
          "bundled": true,
          "requires": {
            "path-key": "^2.0.0"
          }
        },
        "number-is-nan": {
          "version": "1.0.1",
          "bundled": true
        },
        "oauth-sign": {
          "version": "0.9.0",
          "bundled": true
        },
        "object-assign": {
          "version": "4.1.1",
          "bundled": true
        },
        "object-keys": {
          "version": "1.1.1",
          "bundled": true
        },
        "object.assign": {
          "version": "4.1.0",
          "bundled": true,
          "requires": {
            "define-properties": "^1.1.2",
            "function-bind": "^1.1.1",
            "has-symbols": "^1.0.0",
            "object-keys": "^1.0.11"
          }
        },
        "object.getownpropertydescriptors": {
          "version": "2.0.3",
          "bundled": true,
          "requires": {
            "define-properties": "^1.1.2",
            "es-abstract": "^1.5.1"
          }
        },
        "once": {
          "version": "1.4.0",
          "bundled": true,
          "requires": {
            "wrappy": "1"
          }
        },
        "os-locale": {
          "version": "3.1.0",
          "bundled": true,
          "requires": {
            "execa": "^1.0.0",
            "lcid": "^2.0.0",
            "mem": "^4.0.0"
          }
        },
        "os-tmpdir": {
          "version": "1.0.2",
          "bundled": true
        },
        "p-defer": {
          "version": "1.0.0",
          "bundled": true
        },
        "p-finally": {
          "version": "1.0.0",
          "bundled": true
        },
        "p-is-promise": {
          "version": "2.1.0",
          "bundled": true
        },
        "p-limit": {
          "version": "2.2.0",
          "bundled": true,
          "requires": {
            "p-try": "^2.0.0"
          }
        },
        "p-locate": {
          "version": "3.0.0",
          "bundled": true,
          "requires": {
            "p-limit": "^2.0.0"
          }
        },
        "p-map": {
          "version": "2.1.0",
          "bundled": true
        },
        "p-try": {
          "version": "2.2.0",
          "bundled": true
        },
        "pako": {
          "version": "1.0.10",
          "bundled": true
        },
        "path-exists": {
          "version": "3.0.0",
          "bundled": true
        },
        "path-is-absolute": {
          "version": "1.0.1",
          "bundled": true
        },
        "path-is-inside": {
          "version": "1.0.2",
          "bundled": true
        },
        "path-key": {
          "version": "2.0.1",
          "bundled": true
        },
        "path-parse": {
          "version": "1.0.6",
          "bundled": true
        },
        "pathval": {
          "version": "1.1.0",
          "bundled": true
        },
        "pend": {
          "version": "1.2.0",
          "bundled": true
        },
        "performance-now": {
          "version": "2.1.0",
          "bundled": true
        },
        "pify": {
          "version": "4.0.1",
          "bundled": true
        },
        "pinkie": {
          "version": "2.0.4",
          "bundled": true
        },
        "pinkie-promise": {
          "version": "2.0.1",
          "bundled": true,
          "requires": {
            "pinkie": "^2.0.0"
          }
        },
        "process-nextick-args": {
          "version": "2.0.0",
          "bundled": true
        },
        "psl": {
          "version": "1.3.0",
          "bundled": true
        },
        "pump": {
          "version": "3.0.0",
          "bundled": true,
          "requires": {
            "end-of-stream": "^1.1.0",
            "once": "^1.3.1"
          }
        },
        "punycode": {
          "version": "2.1.1",
          "bundled": true
        },
        "qs": {
          "version": "6.5.2",
          "bundled": true
        },
        "readable-stream": {
          "version": "2.3.6",
          "bundled": true,
          "requires": {
            "core-util-is": "~1.0.0",
            "inherits": "~2.0.3",
            "isarray": "~1.0.0",
            "process-nextick-args": "~2.0.0",
            "safe-buffer": "~5.1.1",
            "string_decoder": "~1.1.1",
            "util-deprecate": "~1.0.1"
          }
        },
        "reflect-metadata": {
          "version": "0.1.13",
          "bundled": true
        },
        "request": {
          "version": "2.88.0",
          "bundled": true,
          "requires": {
            "aws-sign2": "~0.7.0",
            "aws4": "^1.8.0",
            "caseless": "~0.12.0",
            "combined-stream": "~1.0.6",
            "extend": "~3.0.2",
            "forever-agent": "~0.6.1",
            "form-data": "~2.3.2",
            "har-validator": "~5.1.0",
            "http-signature": "~1.2.0",
            "is-typedarray": "~1.0.0",
            "isstream": "~0.1.2",
            "json-stringify-safe": "~5.0.1",
            "mime-types": "~2.1.19",
            "oauth-sign": "~0.9.0",
            "performance-now": "^2.1.0",
            "qs": "~6.5.2",
            "safe-buffer": "^5.1.2",
            "tough-cookie": "~2.4.3",
            "tunnel-agent": "^0.6.0",
            "uuid": "^3.3.2"
          }
        },
        "require-directory": {
          "version": "2.1.1",
          "bundled": true
        },
        "require-main-filename": {
          "version": "2.0.0",
          "bundled": true
        },
        "resolve": {
          "version": "1.11.1",
          "bundled": true,
          "requires": {
            "path-parse": "^1.0.6"
          }
        },
        "rimraf": {
          "version": "2.6.2",
          "bundled": true,
          "requires": {
            "glob": "^7.0.5"
          }
        },
        "safe-buffer": {
          "version": "5.1.2",
          "bundled": true
        },
        "safer-buffer": {
          "version": "2.1.2",
          "bundled": true
        },
        "sax": {
          "version": "1.2.4",
          "bundled": true
        },
        "selenium-webdriver": {
          "version": "3.6.0",
          "bundled": true,
          "requires": {
            "jszip": "^3.1.3",
            "rimraf": "^2.5.4",
            "tmp": "0.0.30",
            "xml2js": "^0.4.17"
          }
        },
        "semver": {
          "version": "5.7.0",
          "bundled": true
        },
        "set-blocking": {
          "version": "2.0.0",
          "bundled": true
        },
        "set-immediate-shim": {
          "version": "1.0.1",
          "bundled": true
        },
        "shebang-command": {
          "version": "1.2.0",
          "bundled": true,
          "requires": {
            "shebang-regex": "^1.0.0"
          }
        },
        "shebang-regex": {
          "version": "1.0.0",
          "bundled": true
        },
        "signal-exit": {
          "version": "3.0.2",
          "bundled": true
        },
        "source-map": {
          "version": "0.6.1",
          "bundled": true
        },
        "source-map-support": {
          "version": "0.5.12",
          "bundled": true,
          "requires": {
            "buffer-from": "^1.0.0",
            "source-map": "^0.6.0"
          }
        },
        "sprintf-js": {
          "version": "1.0.3",
          "bundled": true
        },
        "sshpk": {
          "version": "1.16.1",
          "bundled": true,
          "requires": {
            "asn1": "~0.2.3",
            "assert-plus": "^1.0.0",
            "bcrypt-pbkdf": "^1.0.0",
            "dashdash": "^1.12.0",
            "ecc-jsbn": "~0.1.1",
            "getpass": "^0.1.1",
            "jsbn": "~0.1.0",
            "safer-buffer": "^2.0.2",
            "tweetnacl": "~0.14.0"
          }
        },
        "string-width": {
          "version": "2.1.1",
          "bundled": true,
          "requires": {
            "is-fullwidth-code-point": "^2.0.0",
            "strip-ansi": "^4.0.0"
          }
        },
        "string_decoder": {
          "version": "1.1.1",
          "bundled": true,
          "requires": {
            "safe-buffer": "~5.1.0"
          }
        },
        "strip-ansi": {
          "version": "4.0.0",
          "bundled": true,
          "requires": {
            "ansi-regex": "^3.0.0"
          }
        },
        "strip-eof": {
          "version": "1.0.0",
          "bundled": true
        },
        "strip-json-comments": {
          "version": "2.0.1",
          "bundled": true
        },
        "supports-color": {
          "version": "6.0.0",
          "bundled": true,
          "requires": {
            "has-flag": "^3.0.0"
          }
        },
        "tcp-port-used": {
          "version": "1.0.1",
          "bundled": true,
          "requires": {
            "debug": "4.1.0",
            "is2": "2.0.1"
          },
          "dependencies": {
            "debug": {
              "version": "4.1.0",
              "bundled": true,
              "requires": {
                "ms": "^2.1.1"
              }
            },
            "ms": {
              "version": "2.1.2",
              "bundled": true
            }
          }
        },
        "tmp": {
          "version": "0.0.30",
          "bundled": true,
          "requires": {
            "os-tmpdir": "~1.0.1"
          }
        },
        "tough-cookie": {
          "version": "2.4.3",
          "bundled": true,
          "requires": {
            "psl": "^1.1.24",
            "punycode": "^1.4.1"
          },
          "dependencies": {
            "punycode": {
              "version": "1.4.1",
              "bundled": true
            }
          }
        },
        "ts-node": {
          "version": "8.0.3",
          "bundled": true,
          "requires": {
            "arg": "^4.1.0",
            "diff": "^3.1.0",
            "make-error": "^1.1.1",
            "source-map-support": "^0.5.6",
            "yn": "^3.0.0"
          }
        },
        "tslib": {
          "version": "1.9.3",
          "bundled": true
        },
        "tslint": {
          "version": "5.10.0",
          "bundled": true,
          "requires": {
            "babel-code-frame": "^6.22.0",
            "builtin-modules": "^1.1.1",
            "chalk": "^2.3.0",
            "commander": "^2.12.1",
            "diff": "^3.2.0",
            "glob": "^7.1.1",
            "js-yaml": "^3.7.0",
            "minimatch": "^3.0.4",
            "resolve": "^1.3.2",
            "semver": "^5.3.0",
            "tslib": "^1.8.0",
            "tsutils": "^2.12.1"
          }
        },
        "tsutils": {
          "version": "2.29.0",
          "bundled": true,
          "requires": {
            "tslib": "^1.8.1"
          }
        },
        "tunnel": {
          "version": "0.0.4",
          "bundled": true
        },
        "tunnel-agent": {
          "version": "0.6.0",
          "bundled": true,
          "requires": {
            "safe-buffer": "^5.0.1"
          }
        },
        "tweetnacl": {
          "version": "0.14.5",
          "bundled": true
        },
        "type-detect": {
          "version": "4.0.8",
          "bundled": true
        },
        "typed-rest-client": {
          "version": "1.2.0",
          "bundled": true,
          "requires": {
            "tunnel": "0.0.4",
            "underscore": "1.8.3"
          }
        },
        "typedarray": {
          "version": "0.0.6",
          "bundled": true
        },
        "typescript": {
          "version": "3.4.3",
          "bundled": true
        },
        "underscore": {
          "version": "1.8.3",
          "bundled": true
        },
        "uri-js": {
          "version": "4.2.2",
          "bundled": true,
          "requires": {
            "punycode": "^2.1.0"
          }
        },
        "util-deprecate": {
          "version": "1.0.2",
          "bundled": true
        },
        "uuid": {
          "version": "3.3.3",
          "bundled": true
        },
        "verror": {
          "version": "1.10.0",
          "bundled": true,
          "requires": {
            "assert-plus": "^1.0.0",
            "core-util-is": "1.0.2",
            "extsprintf": "^1.2.0"
          }
        },
        "which": {
          "version": "1.3.1",
          "bundled": true,
          "requires": {
            "isexe": "^2.0.0"
          }
        },
        "which-module": {
          "version": "2.0.0",
          "bundled": true
        },
        "wide-align": {
          "version": "1.1.3",
          "bundled": true,
          "requires": {
            "string-width": "^1.0.2 || 2"
          }
        },
        "wrap-ansi": {
          "version": "2.1.0",
          "bundled": true,
          "requires": {
            "string-width": "^1.0.1",
            "strip-ansi": "^3.0.1"
          },
          "dependencies": {
            "ansi-regex": {
              "version": "2.1.1",
              "bundled": true
            },
            "is-fullwidth-code-point": {
              "version": "1.0.0",
              "bundled": true,
              "requires": {
                "number-is-nan": "^1.0.0"
              }
            },
            "string-width": {
              "version": "1.0.2",
              "bundled": true,
              "requires": {
                "code-point-at": "^1.0.0",
                "is-fullwidth-code-point": "^1.0.0",
                "strip-ansi": "^3.0.0"
              }
            },
            "strip-ansi": {
              "version": "3.0.1",
              "bundled": true,
              "requires": {
                "ansi-regex": "^2.0.0"
              }
            }
          }
        },
        "wrappy": {
          "version": "1.0.2",
          "bundled": true
        },
        "xml2js": {
          "version": "0.4.21",
          "bundled": true,
          "requires": {
            "sax": ">=0.6.0",
            "xmlbuilder": "~13.0.0"
          }
        },
        "xmlbuilder": {
          "version": "13.0.2",
          "bundled": true
        },
        "y18n": {
          "version": "4.0.0",
          "bundled": true
        },
        "yargs": {
          "version": "13.2.2",
          "bundled": true,
          "requires": {
            "cliui": "^4.0.0",
            "find-up": "^3.0.0",
            "get-caller-file": "^2.0.1",
            "os-locale": "^3.1.0",
            "require-directory": "^2.1.1",
            "require-main-filename": "^2.0.0",
            "set-blocking": "^2.0.0",
            "string-width": "^3.0.0",
            "which-module": "^2.0.0",
            "y18n": "^4.0.0",
            "yargs-parser": "^13.0.0"
          },
          "dependencies": {
            "ansi-regex": {
              "version": "4.1.0",
              "bundled": true
            },
            "string-width": {
              "version": "3.1.0",
              "bundled": true,
              "requires": {
                "emoji-regex": "^7.0.1",
                "is-fullwidth-code-point": "^2.0.0",
                "strip-ansi": "^5.1.0"
              }
            },
            "strip-ansi": {
              "version": "5.2.0",
              "bundled": true,
              "requires": {
                "ansi-regex": "^4.1.0"
              }
            }
          }
        },
        "yargs-parser": {
          "version": "13.0.0",
          "bundled": true,
          "requires": {
            "camelcase": "^5.0.0",
            "decamelize": "^1.2.0"
          }
        },
        "yargs-unparser": {
          "version": "1.5.0",
          "bundled": true,
          "requires": {
            "flat": "^4.1.0",
            "lodash": "^4.17.11",
            "yargs": "^12.0.5"
          },
          "dependencies": {
            "get-caller-file": {
              "version": "1.0.3",
              "bundled": true
            },
            "require-main-filename": {
              "version": "1.0.1",
              "bundled": true
            },
            "yargs": {
              "version": "12.0.5",
              "bundled": true,
              "requires": {
                "cliui": "^4.0.0",
                "decamelize": "^1.2.0",
                "find-up": "^3.0.0",
                "get-caller-file": "^1.0.1",
                "os-locale": "^3.0.0",
                "require-directory": "^2.1.1",
                "require-main-filename": "^1.0.1",
                "set-blocking": "^2.0.0",
                "string-width": "^2.0.0",
                "which-module": "^2.0.0",
                "y18n": "^3.2.1 || ^4.0.0",
                "yargs-parser": "^11.1.1"
              }
            },
            "yargs-parser": {
              "version": "11.1.1",
              "bundled": true,
              "requires": {
                "camelcase": "^5.0.0",
                "decamelize": "^1.2.0"
              }
            }
          }
        },
        "yauzl": {
          "version": "2.4.1",
          "bundled": true,
          "requires": {
            "fd-slicer": "~1.0.1"
          }
        },
        "yn": {
          "version": "3.1.0",
          "bundled": true
        }
      }
    }
  }
}
