dependencies:
- name: che-postgres
  repository: file://./custom-charts/che-postgres/
  version: 1.0.0
- name: che-keycloak
  repository: file://./custom-charts/che-keycloak/
  version: 1.0.0
- name: prometheus
  repository: https://kubernetes-charts.storage.googleapis.com/
  version: 7.4.6
- name: grafana
  repository: https://kubernetes-charts.storage.googleapis.com/
  version: 1.19.1
digest: sha256:835c37ececa30c9b3ddaf544016d4bcf1d3da2f9033c7bc8ea4ecd3e3121a331
generated: 2018-12-03T15:10:53.707284079+01:00
