# This file is autogenerated, do not edit; changes may be undone by the next 'dep ensure'.


[[projects]]
  digest = "1:217f778e19b8d206112c21d21a7cc72ca3cb493b67631680a2324bc50335d432"
  name = "github.com/dgrijalva/jwt-go"
  packages = ["."]
  pruneopts = "UT"
  revision = "dbeaa9332f19a944acb5736b4456cfcc02140e29"
  version = "v3.1.0"

[[projects]]
  digest = "1:1f62c7f600ff6eb10f38bd414dd112b244ebadfd611bb50bedad3424743b66a9"
  name = "github.com/eclipse/che-go-jsonrpc"
  packages = [
    ".",
    "event",
    "jsonrpctest",
    "jsonrpcws",
  ]
  pruneopts = "UT"
  revision = "87cdb8da2597bc22a91f8dcff72999ac8fe5cd8c"
  version = "0.2.0"

[[projects]]
  digest = "1:b1888d094847a5198b91d76a299e45c2c8debe9f9b9eb9a6e7b1dc7ec2a27513"
  name = "github.com/gorilla/websocket"
  packages = ["."]
  pruneopts = "UT"
  revision = "361d4c0ffd78338ebe0a9e6320cdbe115d7dc026"

[[projects]]
  digest = "1:96ffeb0c3df79ef8ec60b22cd18d9a2d12747166caec50578eccf9ffb19ac1c7"
  name = "github.com/julienschmidt/httprouter"
  packages = ["."]
  pruneopts = "UT"
  revision = "4563b0ba73e4db6c6423b60a26f3cadd2e9a1ec9"

[[projects]]
  digest = "1:094e04c4742b596bce4455eb535d4e4365016b44016db76f8593211406d77299"
  name = "github.com/kr/pty"
  packages = ["."]
  pruneopts = "UT"
  revision = "fa756f09eeb418bf1cc6268c66ceaad9bb98f598"
  version = "v1.1.2"

[solve-meta]
  analyzer-name = "dep"
  analyzer-version = 1
  input-imports = [
    "github.com/dgrijalva/jwt-go",
    "github.com/eclipse/che-go-jsonrpc",
    "github.com/eclipse/che-go-jsonrpc/event",
    "github.com/eclipse/che-go-jsonrpc/jsonrpctest",
    "github.com/eclipse/che-go-jsonrpc/jsonrpcws",
    "github.com/gorilla/websocket",
    "github.com/julienschmidt/httprouter",
    "github.com/kr/pty",
  ]
  solver-name = "gps-cdcl"
  solver-version = 1
